{
  "nodes": {
    "crane": {
      "locked": {
        "lastModified": 1734324364,
        "narHash": "sha256-omYTR59TdH0AumP1cfh49fBnWZ52HjfdNfaLzCMZBx0=",
        "owner": "ipetkov",
        "repo": "crane",
        "rev": "60d7623f1320470bf2fdb92fd2dca1e9a27b98ce",
        "type": "github"
      },
      "original": {
        "owner": "ipetkov",
        "repo": "crane",
        "type": "github"
      }
    },
    "nixpkgs": {
      "locked": {
        "lastModified": 1734435836,
        "narHash": "sha256-kMBQ5PRiFLagltK0sH+08aiNt3zGERC2297iB6vrvlU=",
        "owner": "NixOS",
        "repo": "nixpkgs",
        "rev": "4989a246d7a390a859852baddb1013f825435cee",
        "type": "github"
      },
      "original": {
        "owner": "NixOS",
        "ref": "nixpkgs-unstable",
        "repo": "nixpkgs",
        "type": "github"
      }
    },
    "root": {
      "inputs": {
        "crane": "crane",
        "nixpkgs": "nixpkgs",
        "rust-overlay": "rust-overlay"
      }
    },
    "rust-overlay": {
      "inputs": {
        "nixpkgs": [
          "nixpkgs"
        ]
      },
      "locked": {
        "lastModified": 1734489114,
        "narHash": "sha256-dKBBZr2pw7KDI/7GeiN5qPccqqtvnK2jqAMcMo4rVvU=",
        "owner": "oxalica",
        "repo": "rust-overlay",
        "rev": "b2e385f8e5c1d7c0d9ce738d650955c2e94555ae",
        "type": "github"
      },
      "original": {
        "owner": "oxalica",
        "repo": "rust-overlay",
        "type": "github"
      }
    }
  },
  "root": "root",
  "version": 7
}
